
Microsoft Visual Studio Solution File, Format Version 12.00
# Visual Studio Version 17
VisualStudioVersion = 17.5.002.0
MinimumVisualStudioVersion = 10.0.40219.1
Project("{9A19103F-16F7-4668-BE54-9A1E7A4F7556}") = "Charmander", "BattleSimulator\Charmander.csproj", "{E7CC68B4-91FC-4AEE-BEED-E7A1B24FC7E0}"
EndProject
Global
	GlobalSection(SolutionConfigurationPlatforms) = preSolution
		Debug|Any CPU = Debug|Any CPU
		Release|Any CPU = Release|Any CPU
	EndGlobalSection
	GlobalSection(ProjectConfigurationPlatforms) = postSolution
		{E7CC68B4-91FC-4AEE-BEED-E7A1B24FC7E0}.Debug|Any CPU.ActiveCfg = Debug|Any CPU
		{E7CC68B4-91FC-4AEE-BEED-E7A1B24FC7E0}.Debug|Any CPU.Build.0 = Debug|Any CPU
		{E7CC68B4-91FC-4AEE-BEED-E7A1B24FC7E0}.Release|Any CPU.ActiveCfg = Release|Any CPU
		{E7CC68B4-91FC-4AEE-BEED-E7A1B24FC7E0}.Release|Any CPU.Build.0 = Release|Any CPU
	EndGlobalSection
	GlobalSection(SolutionProperties) = preSolution
		HideSolutionNode = FALSE
	EndGlobalSection
	GlobalSection(ExtensibilityGlobals) = postSolution
		SolutionGuid = {21ABC1D9-FBF7-4447-B8AF-0DC285C73430}
	EndGlobalSection
EndGlobal
